
Microsoft Visual Studio Solution File, Format Version 12.00
# Visual Studio Version 16
VisualStudioVersion = 16.0.29519.181
MinimumVisualStudioVersion = 10.0.40219.1
Project("{9A19103F-16F7-4668-BE54-9A1E7A4F7556}") = "ModularBlazor.MainApplication", "ModularBlazor.MainApplication\ModularBlazor.MainApplication.csproj", "{8E755DA9-8E1E-41C4-B0BD-F08F17E42F98}"
EndProject
Project("{9A19103F-16F7-4668-BE54-9A1E7A4F7556}") = "ModularBlazor.Module1", "ModularBlazor.Module1\ModularBlazor.Module1.csproj", "{A0171F28-701E-44E5-9945-BEDA820597C4}"
EndProject
Project("{9A19103F-16F7-4668-BE54-9A1E7A4F7556}") = "ModularBlazor.Module2", "ModularBlazor.Module2\ModularBlazor.Module2.csproj", "{27A1ACF7-3315-4B59-94F0-66088E23FDA2}"
EndProject
Project("{FAE04EC0-301F-11D3-BF4B-00C04F79EFBC}") = "ModularBlazor.Shared", "ModularBlazor.Shared\ModularBlazor.Shared.csproj", "{178376E6-8313-4105-BCD1-05A205581C04}"
EndProject
Global
	GlobalSection(SolutionConfigurationPlatforms) = preSolution
		Debug|Any CPU = Debug|Any CPU
		Release|Any CPU = Release|Any CPU
	EndGlobalSection
	GlobalSection(ProjectConfigurationPlatforms) = postSolution
		{8E755DA9-8E1E-41C4-B0BD-F08F17E42F98}.Debug|Any CPU.ActiveCfg = Debug|Any CPU
		{8E755DA9-8E1E-41C4-B0BD-F08F17E42F98}.Debug|Any CPU.Build.0 = Debug|Any CPU
		{8E755DA9-8E1E-41C4-B0BD-F08F17E42F98}.Release|Any CPU.ActiveCfg = Release|Any CPU
		{8E755DA9-8E1E-41C4-B0BD-F08F17E42F98}.Release|Any CPU.Build.0 = Release|Any CPU
		{A0171F28-701E-44E5-9945-BEDA820597C4}.Debug|Any CPU.ActiveCfg = Debug|Any CPU
		{A0171F28-701E-44E5-9945-BEDA820597C4}.Debug|Any CPU.Build.0 = Debug|Any CPU
		{A0171F28-701E-44E5-9945-BEDA820597C4}.Release|Any CPU.ActiveCfg = Release|Any CPU
		{A0171F28-701E-44E5-9945-BEDA820597C4}.Release|Any CPU.Build.0 = Release|Any CPU
		{27A1ACF7-3315-4B59-94F0-66088E23FDA2}.Debug|Any CPU.ActiveCfg = Debug|Any CPU
		{27A1ACF7-3315-4B59-94F0-66088E23FDA2}.Debug|Any CPU.Build.0 = Debug|Any CPU
		{27A1ACF7-3315-4B59-94F0-66088E23FDA2}.Release|Any CPU.ActiveCfg = Release|Any CPU
		{27A1ACF7-3315-4B59-94F0-66088E23FDA2}.Release|Any CPU.Build.0 = Release|Any CPU
		{178376E6-8313-4105-BCD1-05A205581C04}.Debug|Any CPU.ActiveCfg = Debug|Any CPU
		{178376E6-8313-4105-BCD1-05A205581C04}.Debug|Any CPU.Build.0 = Debug|Any CPU
		{178376E6-8313-4105-BCD1-05A205581C04}.Release|Any CPU.ActiveCfg = Release|Any CPU
		{178376E6-8313-4105-BCD1-05A205581C04}.Release|Any CPU.Build.0 = Release|Any CPU
	EndGlobalSection
	GlobalSection(SolutionProperties) = preSolution
		HideSolutionNode = FALSE
	EndGlobalSection
	GlobalSection(ExtensibilityGlobals) = postSolution
		SolutionGuid = {0845D929-C169-446C-ACBE-AA4478212957}
	EndGlobalSection
EndGlobal
